
Microsoft Visual Studio Solution File, Format Version 12.00
# Visual Studio 2012
Project("{8BC9CEB8-8B4A-11D0-8D11-00A0C91BC942}") = "myTutorialD3D11", "myTutorialD3D11\myTutorialD3D11.vcxproj", "{24CDAF79-EC6C-4AEE-9793-E50D46D176A2}"
EndProject
Project("{8BC9CEB8-8B4A-11D0-8D11-00A0C91BC942}") = "myTutorialD3D11_1", "myTutorialD3D11_1\myTutorialD3D11_1.vcxproj", "{884E3EA5-6A47-4F90-82A6-0EFF70883649}"
EndProject
Project("{8BC9CEB8-8B4A-11D0-8D11-00A0C91BC942}") = "myTutorialD3D11_2", "myTutorialD3D11_2\myTutorialD3D11_2.vcxproj", "{190BD19B-79DC-44B5-B9B2-A17EF154D179}"
EndProject
Project("{8BC9CEB8-8B4A-11D0-8D11-00A0C91BC942}") = "myTutorialD3D11_3", "myTutorialD3D11_3\myTutorialD3D11_3.vcxproj", "{B1519E65-6D42-47F9-B977-C71FEE238B41}"
EndProject
Project("{8BC9CEB8-8B4A-11D0-8D11-00A0C91BC942}") = "myTutorialD3D11_4", "myTutorialD3D11_4\myTutorialD3D11_4.vcxproj", "{3A4D4A77-6CEA-4F65-A0D1-6BB780C07E5D}"
EndProject
Project("{8BC9CEB8-8B4A-11D0-8D11-00A0C91BC942}") = "myTutorialD3D11_5", "myTutorialD3D11_5\myTutorialD3D11_5.vcxproj", "{9C5156CE-BD7A-438C-9495-A8CE8445D955}"
EndProject
Project("{8BC9CEB8-8B4A-11D0-8D11-00A0C91BC942}") = "myTutorialD3D11_6", "myTutorialD3D11_6\myTutorialD3D11_6.vcxproj", "{450705B0-F461-46C0-B372-975C75E1DB4B}"
EndProject
Project("{8BC9CEB8-8B4A-11D0-8D11-00A0C91BC942}") = "myTutorialD3D11_7", "myTutorialD3D11_7\myTutorialD3D11_7.vcxproj", "{BA236268-FC9C-495C-A06A-06FACC6CCC79}"
EndProject
Project("{8BC9CEB8-8B4A-11D0-8D11-00A0C91BC942}") = "myTutorialD3D11_8", "myTutorialD3D11_8\myTutorialD3D11_8.vcxproj", "{D79B9888-DF08-48D7-85E5-3FC402E5D91A}"
EndProject
Project("{8BC9CEB8-8B4A-11D0-8D11-00A0C91BC942}") = "myTutorialD3D11_9", "myTutorialD3D11_9\myTutorialD3D11_9.vcxproj", "{CD4B3B35-3835-45DA-A6C9-AF4B2F6197F0}"
EndProject
Project("{8BC9CEB8-8B4A-11D0-8D11-00A0C91BC942}") = "myTutorialD3D11_10", "myTutorialD3D11_10\myTutorialD3D11_10.vcxproj", "{46E02AAF-06E7-4130-92F7-3B357937897B}"
EndProject
Project("{8BC9CEB8-8B4A-11D0-8D11-00A0C91BC942}") = "myTutorialD3D11_11", "myTutorialD3D11_11\myTutorialD3D11_11.vcxproj", "{4E3551A9-F219-4334-A740-418979AD3FDB}"
EndProject
Project("{8BC9CEB8-8B4A-11D0-8D11-00A0C91BC942}") = "myTutorialD3D11_12", "myTutorialD3D11_12\myTutorialD3D11_12.vcxproj", "{9D5B0A4B-3D09-446A-B0E1-3EF0B0755EDB}"
EndProject
Project("{8BC9CEB8-8B4A-11D0-8D11-00A0C91BC942}") = "myTutorialD3D11_13", "myTutorialD3D11_13\myTutorialD3D11_13.vcxproj", "{4508AF8B-B0CF-433D-8767-689FC10C845D}"
EndProject
Project("{8BC9CEB8-8B4A-11D0-8D11-00A0C91BC942}") = "myTutorialD3D11_14", "myTutorialD3D11_14\myTutorialD3D11_14.vcxproj", "{E617065F-B165-4AD7-8628-936D85E2FE74}"
EndProject
Global
	GlobalSection(SolutionConfigurationPlatforms) = preSolution
		Debug|Win32 = Debug|Win32
		Release|Win32 = Release|Win32
	EndGlobalSection
	GlobalSection(ProjectConfigurationPlatforms) = postSolution
		{24CDAF79-EC6C-4AEE-9793-E50D46D176A2}.Debug|Win32.ActiveCfg = Debug|Win32
		{24CDAF79-EC6C-4AEE-9793-E50D46D176A2}.Debug|Win32.Build.0 = Debug|Win32
		{24CDAF79-EC6C-4AEE-9793-E50D46D176A2}.Release|Win32.ActiveCfg = Release|Win32
		{24CDAF79-EC6C-4AEE-9793-E50D46D176A2}.Release|Win32.Build.0 = Release|Win32
		{884E3EA5-6A47-4F90-82A6-0EFF70883649}.Debug|Win32.ActiveCfg = Debug|Win32
		{884E3EA5-6A47-4F90-82A6-0EFF70883649}.Debug|Win32.Build.0 = Debug|Win32
		{884E3EA5-6A47-4F90-82A6-0EFF70883649}.Release|Win32.ActiveCfg = Release|Win32
		{884E3EA5-6A47-4F90-82A6-0EFF70883649}.Release|Win32.Build.0 = Release|Win32
		{190BD19B-79DC-44B5-B9B2-A17EF154D179}.Debug|Win32.ActiveCfg = Debug|Win32
		{190BD19B-79DC-44B5-B9B2-A17EF154D179}.Debug|Win32.Build.0 = Debug|Win32
		{190BD19B-79DC-44B5-B9B2-A17EF154D179}.Release|Win32.ActiveCfg = Release|Win32
		{190BD19B-79DC-44B5-B9B2-A17EF154D179}.Release|Win32.Build.0 = Release|Win32
		{B1519E65-6D42-47F9-B977-C71FEE238B41}.Debug|Win32.ActiveCfg = Debug|Win32
		{B1519E65-6D42-47F9-B977-C71FEE238B41}.Debug|Win32.Build.0 = Debug|Win32
		{B1519E65-6D42-47F9-B977-C71FEE238B41}.Release|Win32.ActiveCfg = Release|Win32
		{B1519E65-6D42-47F9-B977-C71FEE238B41}.Release|Win32.Build.0 = Release|Win32
		{3A4D4A77-6CEA-4F65-A0D1-6BB780C07E5D}.Debug|Win32.ActiveCfg = Debug|Win32
		{3A4D4A77-6CEA-4F65-A0D1-6BB780C07E5D}.Debug|Win32.Build.0 = Debug|Win32
		{3A4D4A77-6CEA-4F65-A0D1-6BB780C07E5D}.Release|Win32.ActiveCfg = Release|Win32
		{3A4D4A77-6CEA-4F65-A0D1-6BB780C07E5D}.Release|Win32.Build.0 = Release|Win32
		{9C5156CE-BD7A-438C-9495-A8CE8445D955}.Debug|Win32.ActiveCfg = Debug|Win32
		{9C5156CE-BD7A-438C-9495-A8CE8445D955}.Debug|Win32.Build.0 = Debug|Win32
		{9C5156CE-BD7A-438C-9495-A8CE8445D955}.Release|Win32.ActiveCfg = Release|Win32
		{9C5156CE-BD7A-438C-9495-A8CE8445D955}.Release|Win32.Build.0 = Release|Win32
		{450705B0-F461-46C0-B372-975C75E1DB4B}.Debug|Win32.ActiveCfg = Debug|Win32
		{450705B0-F461-46C0-B372-975C75E1DB4B}.Debug|Win32.Build.0 = Debug|Win32
		{450705B0-F461-46C0-B372-975C75E1DB4B}.Release|Win32.ActiveCfg = Release|Win32
		{450705B0-F461-46C0-B372-975C75E1DB4B}.Release|Win32.Build.0 = Release|Win32
		{BA236268-FC9C-495C-A06A-06FACC6CCC79}.Debug|Win32.ActiveCfg = Debug|Win32
		{BA236268-FC9C-495C-A06A-06FACC6CCC79}.Debug|Win32.Build.0 = Debug|Win32
		{BA236268-FC9C-495C-A06A-06FACC6CCC79}.Release|Win32.ActiveCfg = Release|Win32
		{BA236268-FC9C-495C-A06A-06FACC6CCC79}.Release|Win32.Build.0 = Release|Win32
		{D79B9888-DF08-48D7-85E5-3FC402E5D91A}.Debug|Win32.ActiveCfg = Debug|Win32
		{D79B9888-DF08-48D7-85E5-3FC402E5D91A}.Debug|Win32.Build.0 = Debug|Win32
		{D79B9888-DF08-48D7-85E5-3FC402E5D91A}.Release|Win32.ActiveCfg = Release|Win32
		{D79B9888-DF08-48D7-85E5-3FC402E5D91A}.Release|Win32.Build.0 = Release|Win32
		{CD4B3B35-3835-45DA-A6C9-AF4B2F6197F0}.Debug|Win32.ActiveCfg = Debug|Win32
		{CD4B3B35-3835-45DA-A6C9-AF4B2F6197F0}.Debug|Win32.Build.0 = Debug|Win32
		{CD4B3B35-3835-45DA-A6C9-AF4B2F6197F0}.Release|Win32.ActiveCfg = Release|Win32
		{CD4B3B35-3835-45DA-A6C9-AF4B2F6197F0}.Release|Win32.Build.0 = Release|Win32
		{46E02AAF-06E7-4130-92F7-3B357937897B}.Debug|Win32.ActiveCfg = Debug|Win32
		{46E02AAF-06E7-4130-92F7-3B357937897B}.Debug|Win32.Build.0 = Debug|Win32
		{46E02AAF-06E7-4130-92F7-3B357937897B}.Release|Win32.ActiveCfg = Release|Win32
		{46E02AAF-06E7-4130-92F7-3B357937897B}.Release|Win32.Build.0 = Release|Win32
		{4E3551A9-F219-4334-A740-418979AD3FDB}.Debug|Win32.ActiveCfg = Debug|Win32
		{4E3551A9-F219-4334-A740-418979AD3FDB}.Debug|Win32.Build.0 = Debug|Win32
		{4E3551A9-F219-4334-A740-418979AD3FDB}.Release|Win32.ActiveCfg = Release|Win32
		{4E3551A9-F219-4334-A740-418979AD3FDB}.Release|Win32.Build.0 = Release|Win32
		{9D5B0A4B-3D09-446A-B0E1-3EF0B0755EDB}.Debug|Win32.ActiveCfg = Debug|Win32
		{9D5B0A4B-3D09-446A-B0E1-3EF0B0755EDB}.Debug|Win32.Build.0 = Debug|Win32
		{9D5B0A4B-3D09-446A-B0E1-3EF0B0755EDB}.Release|Win32.ActiveCfg = Release|Win32
		{9D5B0A4B-3D09-446A-B0E1-3EF0B0755EDB}.Release|Win32.Build.0 = Release|Win32
		{4508AF8B-B0CF-433D-8767-689FC10C845D}.Debug|Win32.ActiveCfg = Debug|Win32
		{4508AF8B-B0CF-433D-8767-689FC10C845D}.Debug|Win32.Build.0 = Debug|Win32
		{4508AF8B-B0CF-433D-8767-689FC10C845D}.Release|Win32.ActiveCfg = Release|Win32
		{4508AF8B-B0CF-433D-8767-689FC10C845D}.Release|Win32.Build.0 = Release|Win32
		{E617065F-B165-4AD7-8628-936D85E2FE74}.Debug|Win32.ActiveCfg = Debug|Win32
		{E617065F-B165-4AD7-8628-936D85E2FE74}.Debug|Win32.Build.0 = Debug|Win32
		{E617065F-B165-4AD7-8628-936D85E2FE74}.Release|Win32.ActiveCfg = Release|Win32
		{E617065F-B165-4AD7-8628-936D85E2FE74}.Release|Win32.Build.0 = Release|Win32
	EndGlobalSection
	GlobalSection(SolutionProperties) = preSolution
		HideSolutionNode = FALSE
	EndGlobalSection
EndGlobal
